// !$*UTF8*$!
{
	archiveVersion = 1;
	classes = {
	};
	objectVersion = 56;
	objects = {

/* Begin PBXBuildFile section */
		216FDE7B2A11B5590064287C /* UIStateManagementApp.swift in Sources */ = {isa = PBXBuildFile; fileRef = 216FDE7A2A11B5590064287C /* UIStateManagementApp.swift */; };
		216FDE7D2A11B5590064287C /* ContentView.swift in Sources */ = {isa = PBXBuildFile; fileRef = 216FDE7C2A11B5590064287C /* ContentView.swift */; };
		216FDE7F2A11B55B0064287C /* Assets.xcassets in Resources */ = {isa = PBXBuildFile; fileRef = 216FDE7E2A11B55B0064287C /* Assets.xcassets */; };
		216FDE822A11B55B0064287C /* Preview Assets.xcassets in Resources */ = {isa = PBXBuildFile; fileRef = 216FDE812A11B55B0064287C /* Preview Assets.xcassets */; };
		216FDE892A12652E0064287C /* CustomWithinView.swift in Sources */ = {isa = PBXBuildFile; fileRef = 216FDE882A12652E0064287C /* CustomWithinView.swift */; };
		216FDE8B2A1265440064287C /* CustomWithVMView.swift in Sources */ = {isa = PBXBuildFile; fileRef = 216FDE8A2A1265440064287C /* CustomWithVMView.swift */; };
		216FDE8D2A12FF970064287C /* CustomContainerMainView.swift in Sources */ = {isa = PBXBuildFile; fileRef = 216FDE8C2A12FF970064287C /* CustomContainerMainView.swift */; };
/* End PBXBuildFile section */

/* Begin PBXFileReference section */
		216FDE772A11B5590064287C /* UIStateManagement.app */ = {isa = PBXFileReference; explicitFileType = wrapper.application; includeInIndex = 0; path = UIStateManagement.app; sourceTree = BUILT_PRODUCTS_DIR; };
		216FDE7A2A11B5590064287C /* UIStateManagementApp.swift */ = {isa = PBXFileReference; lastKnownFileType = sourcecode.swift; path = UIStateManagementApp.swift; sourceTree = "<group>"; };
		216FDE7C2A11B5590064287C /* ContentView.swift */ = {isa = PBXFileReference; lastKnownFileType = sourcecode.swift; path = ContentView.swift; sourceTree = "<group>"; };
		216FDE7E2A11B55B0064287C /* Assets.xcassets */ = {isa = PBXFileReference; lastKnownFileType = folder.assetcatalog; path = Assets.xcassets; sourceTree = "<group>"; };
		216FDE812A11B55B0064287C /* Preview Assets.xcassets */ = {isa = PBXFileReference; lastKnownFileType = folder.assetcatalog; path = "Preview Assets.xcassets"; sourceTree = "<group>"; };
		216FDE882A12652E0064287C /* CustomWithinView.swift */ = {isa = PBXFileReference; lastKnownFileType = sourcecode.swift; path = CustomWithinView.swift; sourceTree = "<group>"; };
		216FDE8A2A1265440064287C /* CustomWithVMView.swift */ = {isa = PBXFileReference; lastKnownFileType = sourcecode.swift; path = CustomWithVMView.swift; sourceTree = "<group>"; };
		216FDE8C2A12FF970064287C /* CustomContainerMainView.swift */ = {isa = PBXFileReference; lastKnownFileType = sourcecode.swift; path = CustomContainerMainView.swift; sourceTree = "<group>"; };
/* End PBXFileReference section */

/* Begin PBXFrameworksBuildPhase section */
		216FDE742A11B5590064287C /* Frameworks */ = {
			isa = PBXFrameworksBuildPhase;
			buildActionMask = 2147483647;
			files = (
			);
			runOnlyForDeploymentPostprocessing = 0;
		};
/* End PBXFrameworksBuildPhase section */

/* Begin PBXGroup section */
		216FDE6E2A11B5590064287C = {
			isa = PBXGroup;
			children = (
				216FDE792A11B5590064287C /* UIStateManagement */,
				216FDE782A11B5590064287C /* Products */,
			);
			sourceTree = "<group>";
		};
		216FDE782A11B5590064287C /* Products */ = {
			isa = PBXGroup;
			children = (
				216FDE772A11B5590064287C /* UIStateManagement.app */,
			);
			name = Products;
			sourceTree = "<group>";
		};
		216FDE792A11B5590064287C /* UIStateManagement */ = {
			isa = PBXGroup;
			children = (
				216FDE7A2A11B5590064287C /* UIStateManagementApp.swift */,
				216FDE7C2A11B5590064287C /* ContentView.swift */,
				216FDE8A2A1265440064287C /* CustomWithVMView.swift */,
				216FDE882A12652E0064287C /* CustomWithinView.swift */,
				216FDE8C2A12FF970064287C /* CustomContainerMainView.swift */,
				216FDE7E2A11B55B0064287C /* Assets.xcassets */,
				216FDE802A11B55B0064287C /* Preview Content */,
			);
			path = UIStateManagement;
			sourceTree = "<group>";
		};
		216FDE802A11B55B0064287C /* Preview Content */ = {
			isa = PBXGroup;
			children = (
				216FDE812A11B55B0064287C /* Preview Assets.xcassets */,
			);
			path = "Preview Content";
			sourceTree = "<group>";
		};
/* End PBXGroup section */

/* Begin PBXNativeTarget section */
		216FDE762A11B5590064287C /* UIStateManagement */ = {
			isa = PBXNativeTarget;
			buildConfigurationList = 216FDE852A11B55B0064287C /* Build configuration list for PBXNativeTarget "UIStateManagement" */;
			buildPhases = (
				216FDE732A11B5590064287C /* Sources */,
				216FDE742A11B5590064287C /* Frameworks */,
				216FDE752A11B5590064287C /* Resources */,
			);
			buildRules = (
			);
			dependencies = (
			);
			name = UIStateManagement;
			productName = UIStateManagement;
			productReference = 216FDE772A11B5590064287C /* UIStateManagement.app */;
			productType = "com.apple.product-type.application";
		};
/* End PBXNativeTarget section */

/* Begin PBXProject section */
		216FDE6F2A11B5590064287C /* Project object */ = {
			isa = PBXProject;
			attributes = {
				BuildIndependentTargetsInParallel = 1;
				LastSwiftUpdateCheck = 1430;
				LastUpgradeCheck = 1430;
				TargetAttributes = {
					216FDE762A11B5590064287C = {
						CreatedOnToolsVersion = 14.3;
					};
				};
			};
			buildConfigurationList = 216FDE722A11B5590064287C /* Build configuration list for PBXProject "UIStateManagement" */;
			compatibilityVersion = "Xcode 14.0";
			developmentRegion = en;
			hasScannedForEncodings = 0;
			knownRegions = (
				en,
				Base,
			);
			mainGroup = 216FDE6E2A11B5590064287C;
			productRefGroup = 216FDE782A11B5590064287C /* Products */;
			projectDirPath = "";
			projectRoot = "";
			targets = (
				216FDE762A11B5590064287C /* UIStateManagement */,
			);
		};
/* End PBXProject section */

/* Begin PBXResourcesBuildPhase section */
		216FDE752A11B5590064287C /* Resources */ = {
			isa = PBXResourcesBuildPhase;
			buildActionMask = 2147483647;
			files = (
				216FDE822A11B55B0064287C /* Preview Assets.xcassets in Resources */,
				216FDE7F2A11B55B0064287C /* Assets.xcassets in Resources */,
			);
			runOnlyForDeploymentPostprocessing = 0;
		};
/* End PBXResourcesBuildPhase section */

/* Begin PBXSourcesBuildPhase section */
		216FDE732A11B5590064287C /* Sources */ = {
			isa = PBXSourcesBuildPhase;
			buildActionMask = 2147483647;
			files = (
				216FDE7D2A11B5590064287C /* ContentView.swift in Sources */,
				216FDE7B2A11B5590064287C /* UIStateManagementApp.swift in Sources */,
				216FDE8B2A1265440064287C /* CustomWithVMView.swift in Sources */,
				216FDE892A12652E0064287C /* CustomWithinView.swift in Sources */,
				216FDE8D2A12FF970064287C /* CustomContainerMainView.swift in Sources */,
			);
			runOnlyForDeploymentPostprocessing = 0;
		};
/* End PBXSourcesBuildPhase section */

/* Begin XCBuildConfiguration section */
		216FDE832A11B55B0064287C /* Debug */ = {
			isa = XCBuildConfiguration;
			buildSettings = {
				ALWAYS_SEARCH_USER_PATHS = NO;
				CLANG_ANALYZER_NONNULL = YES;
				CLANG_ANALYZER_NUMBER_OBJECT_CONVERSION = YES_AGGRESSIVE;
				CLANG_CXX_LANGUAGE_STANDARD = "gnu++20";
				CLANG_ENABLE_MODULES = YES;
				CLANG_ENABLE_OBJC_ARC = YES;
				CLANG_ENABLE_OBJC_WEAK = YES;
				CLANG_WARN_BLOCK_CAPTURE_AUTORELEASING = YES;
				CLANG_WARN_BOOL_CONVERSION = YES;
				CLANG_WARN_COMMA = YES;
				CLANG_WARN_CONSTANT_CONVERSION = YES;
				CLANG_WARN_DEPRECATED_OBJC_IMPLEMENTATIONS = YES;
				CLANG_WARN_DIRECT_OBJC_ISA_USAGE = YES_ERROR;
				CLANG_WARN_DOCUMENTATION_COMMENTS = YES;
				CLANG_WARN_EMPTY_BODY = YES;
				CLANG_WARN_ENUM_CONVERSION = YES;
				CLANG_WARN_INFINITE_RECURSION = YES;
				CLANG_WARN_INT_CONVERSION = YES;
				CLANG_WARN_NON_LITERAL_NULL_CONVERSION = YES;
				CLANG_WARN_OBJC_IMPLICIT_RETAIN_SELF = YES;
				CLANG_WARN_OBJC_LITERAL_CONVERSION = YES;
				CLANG_WARN_OBJC_ROOT_CLASS = YES_ERROR;
				CLANG_WARN_QUOTED_INCLUDE_IN_FRAMEWORK_HEADER = YES;
				CLANG_WARN_RANGE_LOOP_ANALYSIS = YES;
				CLANG_WARN_STRICT_PROTOTYPES = YES;
				CLANG_WARN_SUSPICIOUS_MOVE = YES;
				CLANG_WARN_UNGUARDED_AVAILABILITY = YES_AGGRESSIVE;
				CLANG_WARN_UNREACHABLE_CODE = YES;
				CLANG_WARN__DUPLICATE_METHOD_MATCH = YES;
				COPY_PHASE_STRIP = NO;
				DEBUG_INFORMATION_FORMAT = dwarf;
				ENABLE_STRICT_OBJC_MSGSEND = YES;
				ENABLE_TESTABILITY = YES;
				GCC_C_LANGUAGE_STANDARD = gnu11;
				GCC_DYNAMIC_NO_PIC = NO;
				GCC_NO_COMMON_BLOCKS = YES;
				GCC_OPTIMIZATION_LEVEL = 0;
				GCC_PREPROCESSOR_DEFINITIONS = (
					"DEBUG=1",
					"$(inherited)",
				);
				GCC_WARN_64_TO_32_BIT_CONVERSION = YES;
				GCC_WARN_ABOUT_RETURN_TYPE = YES_ERROR;
				GCC_WARN_UNDECLARED_SELECTOR = YES;
				GCC_WARN_UNINITIALIZED_AUTOS = YES_AGGRESSIVE;
				GCC_WARN_UNUSED_FUNCTION = YES;
				GCC_WARN_UNUSED_VARIABLE = YES;
				IPHONEOS_DEPLOYMENT_TARGET = 16.4;
				MTL_ENABLE_DEBUG_INFO = INCLUDE_SOURCE;
				MTL_FAST_MATH = YES;
				ONLY_ACTIVE_ARCH = YES;
				SDKROOT = iphoneos;
				SWIFT_ACTIVE_COMPILATION_CONDITIONS = DEBUG;
				SWIFT_OPTIMIZATION_LEVEL = "-Onone";
			};
			name = Debug;
		};
		216FDE842A11B55B0064287C /* Release */ = {
			isa = XCBuildConfiguration;
			buildSettings = {
				ALWAYS_SEARCH_USER_PATHS = NO;
				CLANG_ANALYZER_NONNULL = YES;
				CLANG_ANALYZER_NUMBER_OBJECT_CONVERSION = YES_AGGRESSIVE;
				CLANG_CXX_LANGUAGE_STANDARD = "gnu++20";
				CLANG_ENABLE_MODULES = YES;
				CLANG_ENABLE_OBJC_ARC = YES;
				CLANG_ENABLE_OBJC_WEAK = YES;
				CLANG_WARN_BLOCK_CAPTURE_AUTORELEASING = YES;
				CLANG_WARN_BOOL_CONVERSION = YES;
				CLANG_WARN_COMMA = YES;
				CLANG_WARN_CONSTANT_CONVERSION = YES;
				CLANG_WARN_DEPRECATED_OBJC_IMPLEMENTATIONS = YES;
				CLANG_WARN_DIRECT_OBJC_ISA_USAGE = YES_ERROR;
				CLANG_WARN_DOCUMENTATION_COMMENTS = YES;
				CLANG_WARN_EMPTY_BODY = YES;
				CLANG_WARN_ENUM_CONVERSION = YES;
				CLANG_WARN_INFINITE_RECURSION = YES;
				CLANG_WARN_INT_CONVERSION = YES;
				CLANG_WARN_NON_LITERAL_NULL_CONVERSION = YES;
				CLANG_WARN_OBJC_IMPLICIT_RETAIN_SELF = YES;
				CLANG_WARN_OBJC_LITERAL_CONVERSION = YES;
				CLANG_WARN_OBJC_ROOT_CLASS = YES_ERROR;
				CLANG_WARN_QUOTED_INCLUDE_IN_FRAMEWORK_HEADER = YES;
				CLANG_WARN_RANGE_LOOP_ANALYSIS = YES;
				CLANG_WARN_STRICT_PROTOTYPES = YES;
				CLANG_WARN_SUSPICIOUS_MOVE = YES;
				CLANG_WARN_UNGUARDED_AVAILABILITY = YES_AGGRESSIVE;
				CLANG_WARN_UNREACHABLE_CODE = YES;
				CLANG_WARN__DUPLICATE_METHOD_MATCH = YES;
				COPY_PHASE_STRIP = NO;
				DEBUG_INFORMATION_FORMAT = "dwarf-with-dsym";
				ENABLE_NS_ASSERTIONS = NO;
				ENABLE_STRICT_OBJC_MSGSEND = YES;
				GCC_C_LANGUAGE_STANDARD = gnu11;
				GCC_NO_COMMON_BLOCKS = YES;
				GCC_WARN_64_TO_32_BIT_CONVERSION = YES;
				GCC_WARN_ABOUT_RETURN_TYPE = YES_ERROR;
				GCC_WARN_UNDECLARED_SELECTOR = YES;
				GCC_WARN_UNINITIALIZED_AUTOS = YES_AGGRESSIVE;
				GCC_WARN_UNUSED_FUNCTION = YES;
				GCC_WARN_UNUSED_VARIABLE = YES;
				IPHONEOS_DEPLOYMENT_TARGET = 16.4;
				MTL_ENABLE_DEBUG_INFO = NO;
				MTL_FAST_MATH = YES;
				SDKROOT = iphoneos;
				SWIFT_COMPILATION_MODE = wholemodule;
				SWIFT_OPTIMIZATION_LEVEL = "-O";
				VALIDATE_PRODUCT = YES;
			};
			name = Release;
		};
		216FDE862A11B55B0064287C /* Debug */ = {
			isa = XCBuildConfiguration;
			buildSettings = {
				ASSETCATALOG_COMPILER_APPICON_NAME = AppIcon;
				ASSETCATALOG_COMPILER_GLOBAL_ACCENT_COLOR_NAME = AccentColor;
				CODE_SIGN_STYLE = Automatic;
				CURRENT_PROJECT_VERSION = 1;
				DEVELOPMENT_ASSET_PATHS = "\"UIStateManagement/Preview Content\"";
				DEVELOPMENT_TEAM = 6UWE2EP59T;
				ENABLE_PREVIEWS = YES;
				GENERATE_INFOPLIST_FILE = YES;
				INFOPLIST_KEY_UIApplicationSceneManifest_Generation = YES;
				INFOPLIST_KEY_UIApplicationSupportsIndirectInputEvents = YES;
				INFOPLIST_KEY_UILaunchScreen_Generation = YES;
				INFOPLIST_KEY_UISupportedInterfaceOrientations_iPad = "UIInterfaceOrientationPortrait UIInterfaceOrientationPortraitUpsideDown UIInterfaceOrientationLandscapeLeft UIInterfaceOrientationLandscapeRight";
				INFOPLIST_KEY_UISupportedInterfaceOrientations_iPhone = "UIInterfaceOrientationPortrait UIInterfaceOrientationLandscapeLeft UIInterfaceOrientationLandscapeRight";
				LD_RUNPATH_SEARCH_PATHS = (
					"$(inherited)",
					"@executable_path/Frameworks",
				);
				MARKETING_VERSION = 1.0;
				PRODUCT_BUNDLE_IDENTIFIER = me.swftstds.vvc.UIStateManagement;
				PRODUCT_NAME = "$(TARGET_NAME)";
				SWIFT_EMIT_LOC_STRINGS = YES;
				SWIFT_VERSION = 5.0;
				TARGETED_DEVICE_FAMILY = "1,2";
			};
			name = Debug;
		};
		216FDE872A11B55B0064287C /* Release */ = {
			isa = XCBuildConfiguration;
			buildSettings = {
				ASSETCATALOG_COMPILER_APPICON_NAME = AppIcon;
				ASSETCATALOG_COMPILER_GLOBAL_ACCENT_COLOR_NAME = AccentColor;
				CODE_SIGN_STYLE = Automatic;
				CURRENT_PROJECT_VERSION = 1;
				DEVELOPMENT_ASSET_PATHS = "\"UIStateManagement/Preview Content\"";
				DEVELOPMENT_TEAM = 6UWE2EP59T;
				ENABLE_PREVIEWS = YES;
				GENERATE_INFOPLIST_FILE = YES;
				INFOPLIST_KEY_UIApplicationSceneManifest_Generation = YES;
				INFOPLIST_KEY_UIApplicationSupportsIndirectInputEvents = YES;
				INFOPLIST_KEY_UILaunchScreen_Generation = YES;
				INFOPLIST_KEY_UISupportedInterfaceOrientations_iPad = "UIInterfaceOrientationPortrait UIInterfaceOrientationPortraitUpsideDown UIInterfaceOrientationLandscapeLeft UIInterfaceOrientationLandscapeRight";
				INFOPLIST_KEY_UISupportedInterfaceOrientations_iPhone = "UIInterfaceOrientationPortrait UIInterfaceOrientationLandscapeLeft UIInterfaceOrientationLandscapeRight";
				LD_RUNPATH_SEARCH_PATHS = (
					"$(inherited)",
					"@executable_path/Frameworks",
				);
				MARKETING_VERSION = 1.0;
				PRODUCT_BUNDLE_IDENTIFIER = me.swftstds.vvc.UIStateManagement;
				PRODUCT_NAME = "$(TARGET_NAME)";
				SWIFT_EMIT_LOC_STRINGS = YES;
				SWIFT_VERSION = 5.0;
				TARGETED_DEVICE_FAMILY = "1,2";
			};
			name = Release;
		};
/* End XCBuildConfiguration section */

/* Begin XCConfigurationList section */
		216FDE722A11B5590064287C /* Build configuration list for PBXProject "UIStateManagement" */ = {
			isa = XCConfigurationList;
			buildConfigurations = (
				216FDE832A11B55B0064287C /* Debug */,
				216FDE842A11B55B0064287C /* Release */,
			);
			defaultConfigurationIsVisible = 0;
			defaultConfigurationName = Release;
		};
		216FDE852A11B55B0064287C /* Build configuration list for PBXNativeTarget "UIStateManagement" */ = {
			isa = XCConfigurationList;
			buildConfigurations = (
				216FDE862A11B55B0064287C /* Debug */,
				216FDE872A11B55B0064287C /* Release */,
			);
			defaultConfigurationIsVisible = 0;
			defaultConfigurationName = Release;
		};
/* End XCConfigurationList section */
	};
	rootObject = 216FDE6F2A11B5590064287C /* Project object */;
}
